
Microsoft Visual Studio Solution File, Format Version 12.00
# Visual Studio 2013
VisualStudioVersion = 12.0.21005.1
MinimumVisualStudioVersion = 10.0.40219.1
Project("{8BC9CEB8-8B4A-11D0-8D11-00A0C91BC942}") = "Server_HalfDuplex", "Server_HalfDuplex\Server_HalfDuplex.vcxproj", "{82CEDDFD-EC2F-45D1-885E-F93E0E7D3FBA}"
EndProject
Project("{8BC9CEB8-8B4A-11D0-8D11-00A0C91BC942}") = "Client_HalfDuplex", "Client_HalfDuplex\Client_HalfDuplex.vcxproj", "{626070CD-748A-4B38-A065-2612849D2E9F}"
EndProject
Global
	GlobalSection(SolutionConfigurationPlatforms) = preSolution
		Debug|Win32 = Debug|Win32
		Release|Win32 = Release|Win32
	EndGlobalSection
	GlobalSection(ProjectConfigurationPlatforms) = postSolution
		{82CEDDFD-EC2F-45D1-885E-F93E0E7D3FBA}.Debug|Win32.ActiveCfg = Debug|Win32
		{82CEDDFD-EC2F-45D1-885E-F93E0E7D3FBA}.Debug|Win32.Build.0 = Debug|Win32
		{82CEDDFD-EC2F-45D1-885E-F93E0E7D3FBA}.Release|Win32.ActiveCfg = Release|Win32
		{82CEDDFD-EC2F-45D1-885E-F93E0E7D3FBA}.Release|Win32.Build.0 = Release|Win32
		{626070CD-748A-4B38-A065-2612849D2E9F}.Debug|Win32.ActiveCfg = Debug|Win32
		{626070CD-748A-4B38-A065-2612849D2E9F}.Debug|Win32.Build.0 = Debug|Win32
		{626070CD-748A-4B38-A065-2612849D2E9F}.Release|Win32.ActiveCfg = Release|Win32
		{626070CD-748A-4B38-A065-2612849D2E9F}.Release|Win32.Build.0 = Release|Win32
	EndGlobalSection
	GlobalSection(SolutionProperties) = preSolution
		HideSolutionNode = FALSE
	EndGlobalSection
EndGlobal
